
Microsoft Visual Studio Solution File, Format Version 12.00
# Visual Studio Version 17
VisualStudioVersion = 17.7.34024.191
MinimumVisualStudioVersion = 10.0.40219.1
Project("{FAE04EC0-301F-11D3-BF4B-00C04F79EFBC}") = "SeleniumTests", "SeleniumTests\SeleniumTests.csproj", "{347A4F18-27E9-43A8-9CB5-80DADE11AD77}"
EndProject
Global
	GlobalSection(SolutionConfigurationPlatforms) = preSolution
		Debug|Any CPU = Debug|Any CPU
		Release|Any CPU = Release|Any CPU
	EndGlobalSection
	GlobalSection(ProjectConfigurationPlatforms) = postSolution
		{347A4F18-27E9-43A8-9CB5-80DADE11AD77}.Debug|Any CPU.ActiveCfg = Debug|Any CPU
		{347A4F18-27E9-43A8-9CB5-80DADE11AD77}.Debug|Any CPU.Build.0 = Debug|Any CPU
		{347A4F18-27E9-43A8-9CB5-80DADE11AD77}.Release|Any CPU.ActiveCfg = Release|Any CPU
		{347A4F18-27E9-43A8-9CB5-80DADE11AD77}.Release|Any CPU.Build.0 = Release|Any CPU
	EndGlobalSection
	GlobalSection(SolutionProperties) = preSolution
		HideSolutionNode = FALSE
	EndGlobalSection
	GlobalSection(ExtensibilityGlobals) = postSolution
		SolutionGuid = {29AC097E-ED0A-4320-B7CE-3BF3E8C06AC5}
	EndGlobalSection
EndGlobal
